{
  "name": "@royalscome/electron-file-manage",
  "version": "1.0.0",
  "lockfileVersion": 2,
  "requires": true,
  "packages": {
    "": {
      "name": "@royalscome/electron-file-manage",
      "version": "1.0.0",
      "license": "MIT",
      "dependencies": {
        "@royalscome/format": "^2.0.7"
      }
    },
    "node_modules/@royalscome/format": {
      "version": "2.0.7",
      "resolved": "https://registry.npmjs.org/@royalscome/format/-/format-2.0.7.tgz",
      "integrity": "sha512-3ENScKYCOaXtXeGqf+L/OkKz51DkRHs46+t1D3+U+S69eWIqZ5E2CTveCstWA1bm9RKJpQ9Nr6Q+Vjj+2E6JgA=="
    }
  },
  "dependencies": {
    "@royalscome/format": {
      "version": "2.0.7",
      "resolved": "https://registry.npmjs.org/@royalscome/format/-/format-2.0.7.tgz",
      "integrity": "sha512-3ENScKYCOaXtXeGqf+L/OkKz51DkRHs46+t1D3+U+S69eWIqZ5E2CTveCstWA1bm9RKJpQ9Nr6Q+Vjj+2E6JgA=="
    }
  }
}
